# THIS IS AN AUTOGENERATED FILE. DO NOT EDIT THIS FILE DIRECTLY.
# yarn lockfile v1


chrome-types@^0.1.170:
  version "0.1.170"
  resolved "https://registry.yarnpkg.com/chrome-types/-/chrome-types-0.1.170.tgz#2ed1b5fa75fc9922c4ab7e990d5a7da572599b3d"
  integrity sha512-ujDV4ajkqPxjn1R71lfeu2ziybliy9x/kJYA3mqwuK9GYZcjLnwwsulimOcch7o7svyCRD4691qhQwYiovrVNg==
